
Microsoft Visual Studio Solution File, Format Version 12.00
# Visual Studio Version 16
VisualStudioVersion = 16.0.30523.141
MinimumVisualStudioVersion = 10.0.40219.1
Project("{FAE04EC0-301F-11D3-BF4B-00C04F79EFBC}") = "ISMDotNet3", "ISMDotNet3\ISMDotNet3.csproj", "{B761088B-9801-43CD-80C8-7987E8E1128F}"
EndProject
Global
	GlobalSection(SolutionConfigurationPlatforms) = preSolution
		Debug|Any CPU = Debug|Any CPU
		Release|Any CPU = Release|Any CPU
	EndGlobalSection
	GlobalSection(ProjectConfigurationPlatforms) = postSolution
		{B761088B-9801-43CD-80C8-7987E8E1128F}.Debug|Any CPU.ActiveCfg = Debug|Any CPU
		{B761088B-9801-43CD-80C8-7987E8E1128F}.Debug|Any CPU.Build.0 = Debug|Any CPU
		{B761088B-9801-43CD-80C8-7987E8E1128F}.Release|Any CPU.ActiveCfg = Release|Any CPU
		{B761088B-9801-43CD-80C8-7987E8E1128F}.Release|Any CPU.Build.0 = Release|Any CPU
	EndGlobalSection
	GlobalSection(SolutionProperties) = preSolution
		HideSolutionNode = FALSE
	EndGlobalSection
	GlobalSection(ExtensibilityGlobals) = postSolution
		SolutionGuid = {5643368C-5DD5-42E0-AFF8-1CBF535D4DD5}
	EndGlobalSection
EndGlobal
